
Microsoft Visual Studio Solution File, Format Version 12.00
# Visual Studio Version 17
VisualStudioVersion = 17.14.36811.4 d17.14
MinimumVisualStudioVersion = 10.0.40219.1
Project("{FAE04EC0-301F-11D3-BF4B-00C04F79EFBC}") = "Sample", "Sample.csproj", "{0A961FC3-BF08-0677-3F7E-9DC6E3A293CA}"
EndProject
Global
	GlobalSection(SolutionConfigurationPlatforms) = preSolution
		Debug|Any CPU = Debug|Any CPU
		Release|Any CPU = Release|Any CPU
	EndGlobalSection
	GlobalSection(ProjectConfigurationPlatforms) = postSolution
		{0A961FC3-BF08-0677-3F7E-9DC6E3A293CA}.Debug|Any CPU.ActiveCfg = Debug|Any CPU
		{0A961FC3-BF08-0677-3F7E-9DC6E3A293CA}.Debug|Any CPU.Build.0 = Debug|Any CPU
		{0A961FC3-BF08-0677-3F7E-9DC6E3A293CA}.Release|Any CPU.ActiveCfg = Release|Any CPU
		{0A961FC3-BF08-0677-3F7E-9DC6E3A293CA}.Release|Any CPU.Build.0 = Release|Any CPU
	EndGlobalSection
	GlobalSection(SolutionProperties) = preSolution
		HideSolutionNode = FALSE
	EndGlobalSection
	GlobalSection(ExtensibilityGlobals) = postSolution
		SolutionGuid = {52D89840-5340-4149-83A3-CCEF577500F4}
	EndGlobalSection
EndGlobal
