
Microsoft Visual Studio Solution File, Format Version 12.00
# Visual Studio Version 17
VisualStudioVersion = 17.14.36811.4 d17.14
MinimumVisualStudioVersion = 10.0.40219.1
Project("{F184B08F-C81C-45F6-A57F-5ABD9991F28F}") = "Sample", "Sample.vbproj", "{B8B29EA8-7350-4986-BD26-57B88135A76A}"
EndProject
Global
	GlobalSection(SolutionConfigurationPlatforms) = preSolution
		Debug|Any CPU = Debug|Any CPU
		Release|Any CPU = Release|Any CPU
	EndGlobalSection
	GlobalSection(ProjectConfigurationPlatforms) = postSolution
		{B8B29EA8-7350-4986-BD26-57B88135A76A}.Debug|Any CPU.ActiveCfg = Debug|Any CPU
		{B8B29EA8-7350-4986-BD26-57B88135A76A}.Debug|Any CPU.Build.0 = Debug|Any CPU
		{B8B29EA8-7350-4986-BD26-57B88135A76A}.Release|Any CPU.ActiveCfg = Release|Any CPU
		{B8B29EA8-7350-4986-BD26-57B88135A76A}.Release|Any CPU.Build.0 = Release|Any CPU
	EndGlobalSection
	GlobalSection(SolutionProperties) = preSolution
		HideSolutionNode = FALSE
	EndGlobalSection
	GlobalSection(ExtensibilityGlobals) = postSolution
		SolutionGuid = {687CEDD1-63F2-4A2F-ABBE-BA1B64691EBF}
	EndGlobalSection
EndGlobal
